
Microsoft Visual Studio Solution File, Format Version 12.00
# Visual Studio 15
VisualStudioVersion = 15.0.28307.136
MinimumVisualStudioVersion = 10.0.40219.1
Project("{FAE04EC0-301F-11D3-BF4B-00C04F79EFBC}") = "HelloWorld", "HelloWorld\HelloWorld.csproj", "{638358DC-3C4C-436B-A1A7-0EC7E95F553A}"
EndProject
Global
	GlobalSection(SolutionConfigurationPlatforms) = preSolution
		Debug|Any CPU = Debug|Any CPU
		Release|Any CPU = Release|Any CPU
	EndGlobalSection
	GlobalSection(ProjectConfigurationPlatforms) = postSolution
		{638358DC-3C4C-436B-A1A7-0EC7E95F553A}.Debug|Any CPU.ActiveCfg = Debug|Any CPU
		{638358DC-3C4C-436B-A1A7-0EC7E95F553A}.Debug|Any CPU.Build.0 = Debug|Any CPU
		{638358DC-3C4C-436B-A1A7-0EC7E95F553A}.Release|Any CPU.ActiveCfg = Release|Any CPU
		{638358DC-3C4C-436B-A1A7-0EC7E95F553A}.Release|Any CPU.Build.0 = Release|Any CPU
	EndGlobalSection
	GlobalSection(SolutionProperties) = preSolution
		HideSolutionNode = FALSE
	EndGlobalSection
	GlobalSection(ExtensibilityGlobals) = postSolution
		SolutionGuid = {BBFD0DA1-59B9-4BBA-8AA9-F83481683FD1}
	EndGlobalSection
EndGlobal
